
Microsoft Visual Studio Solution File, Format Version 12.00
# Visual Studio Version 17
VisualStudioVersion = 17.10.35122.118
MinimumVisualStudioVersion = 10.0.40219.1
Project("{FAE04EC0-301F-11D3-BF4B-00C04F79EFBC}") = "RunGroopWebApp", "RunGroopWebApp\RunGroopWebApp.csproj", "{6942C29F-CFD3-4B8B-AE5E-CCAE56595D4B}"
EndProject
Global
	GlobalSection(SolutionConfigurationPlatforms) = preSolution
		Debug|Any CPU = Debug|Any CPU
		Release|Any CPU = Release|Any CPU
	EndGlobalSection
	GlobalSection(ProjectConfigurationPlatforms) = postSolution
		{6942C29F-CFD3-4B8B-AE5E-CCAE56595D4B}.Debug|Any CPU.ActiveCfg = Debug|Any CPU
		{6942C29F-CFD3-4B8B-AE5E-CCAE56595D4B}.Debug|Any CPU.Build.0 = Debug|Any CPU
		{6942C29F-CFD3-4B8B-AE5E-CCAE56595D4B}.Release|Any CPU.ActiveCfg = Release|Any CPU
		{6942C29F-CFD3-4B8B-AE5E-CCAE56595D4B}.Release|Any CPU.Build.0 = Release|Any CPU
	EndGlobalSection
	GlobalSection(SolutionProperties) = preSolution
		HideSolutionNode = FALSE
	EndGlobalSection
	GlobalSection(ExtensibilityGlobals) = postSolution
		SolutionGuid = {2093EF33-4913-44DC-96E1-090CA999357A}
	EndGlobalSection
EndGlobal
